
Microsoft Visual Studio Solution File, Format Version 12.00
# Visual Studio Version 17
VisualStudioVersion = 17.11.35312.102
MinimumVisualStudioVersion = 10.0.40219.1
Project("{9A19103F-16F7-4668-BE54-9A1E7A4F7556}") = "WordleApp", "WordleApp\WordleApp.csproj", "{8C81841E-98F0-4264-9383-1ABD96681E08}"
EndProject
Project("{9A19103F-16F7-4668-BE54-9A1E7A4F7556}") = "WordleEngine", "WordleEngine\WordleEngine.csproj", "{1B5BD86C-7FA6-4CF1-BF23-6D481B3D0961}"
EndProject
Global
	GlobalSection(SolutionConfigurationPlatforms) = preSolution
		Debug|Any CPU = Debug|Any CPU
		Release|Any CPU = Release|Any CPU
	EndGlobalSection
	GlobalSection(ProjectConfigurationPlatforms) = postSolution
		{8C81841E-98F0-4264-9383-1ABD96681E08}.Debug|Any CPU.ActiveCfg = Debug|Any CPU
		{8C81841E-98F0-4264-9383-1ABD96681E08}.Debug|Any CPU.Build.0 = Debug|Any CPU
		{8C81841E-98F0-4264-9383-1ABD96681E08}.Release|Any CPU.ActiveCfg = Release|Any CPU
		{8C81841E-98F0-4264-9383-1ABD96681E08}.Release|Any CPU.Build.0 = Release|Any CPU
		{1B5BD86C-7FA6-4CF1-BF23-6D481B3D0961}.Debug|Any CPU.ActiveCfg = Debug|Any CPU
		{1B5BD86C-7FA6-4CF1-BF23-6D481B3D0961}.Debug|Any CPU.Build.0 = Debug|Any CPU
		{1B5BD86C-7FA6-4CF1-BF23-6D481B3D0961}.Release|Any CPU.ActiveCfg = Release|Any CPU
		{1B5BD86C-7FA6-4CF1-BF23-6D481B3D0961}.Release|Any CPU.Build.0 = Release|Any CPU
	EndGlobalSection
	GlobalSection(SolutionProperties) = preSolution
		HideSolutionNode = FALSE
	EndGlobalSection
	GlobalSection(ExtensibilityGlobals) = postSolution
		SolutionGuid = {1C7696BA-426C-4404-A4E5-C64D035A4C4C}
	EndGlobalSection
EndGlobal
